
Microsoft Visual Studio Solution File, Format Version 12.00
# Visual Studio Version 16
VisualStudioVersion = 16.0.30413.136
MinimumVisualStudioVersion = 10.0.40219.1
Project("{FAE04EC0-301F-11D3-BF4B-00C04F79EFBC}") = "ConsoleApp6", "ConsoleApp6\ConsoleApp6.csproj", "{87A0ADF7-EBDC-41C4-B66E-33A2C542B3AB}"
EndProject
Global
	GlobalSection(SolutionConfigurationPlatforms) = preSolution
		Debug|Any CPU = Debug|Any CPU
		Release|Any CPU = Release|Any CPU
	EndGlobalSection
	GlobalSection(ProjectConfigurationPlatforms) = postSolution
		{87A0ADF7-EBDC-41C4-B66E-33A2C542B3AB}.Debug|Any CPU.ActiveCfg = Debug|Any CPU
		{87A0ADF7-EBDC-41C4-B66E-33A2C542B3AB}.Debug|Any CPU.Build.0 = Debug|Any CPU
		{87A0ADF7-EBDC-41C4-B66E-33A2C542B3AB}.Release|Any CPU.ActiveCfg = Release|Any CPU
		{87A0ADF7-EBDC-41C4-B66E-33A2C542B3AB}.Release|Any CPU.Build.0 = Release|Any CPU
	EndGlobalSection
	GlobalSection(SolutionProperties) = preSolution
		HideSolutionNode = FALSE
	EndGlobalSection
	GlobalSection(ExtensibilityGlobals) = postSolution
		SolutionGuid = {4E02A0E2-1B8E-4EA5-BEF9-F3F025C05BF2}
	EndGlobalSection
EndGlobal
